
Microsoft Visual Studio Solution File, Format Version 12.00
# Visual Studio Version 16
VisualStudioVersion = 16.0.31729.503
MinimumVisualStudioVersion = 10.0.40219.1
Project("{FAE04EC0-301F-11D3-BF4B-00C04F79EFBC}") = "Assessment5a", "Assessment5a.csproj", "{97392BF1-5B5D-420C-83ED-403CA3864CBF}"
EndProject
Global
	GlobalSection(SolutionConfigurationPlatforms) = preSolution
		Debug|Any CPU = Debug|Any CPU
		Release|Any CPU = Release|Any CPU
	EndGlobalSection
	GlobalSection(ProjectConfigurationPlatforms) = postSolution
		{97392BF1-5B5D-420C-83ED-403CA3864CBF}.Debug|Any CPU.ActiveCfg = Debug|Any CPU
		{97392BF1-5B5D-420C-83ED-403CA3864CBF}.Debug|Any CPU.Build.0 = Debug|Any CPU
		{97392BF1-5B5D-420C-83ED-403CA3864CBF}.Release|Any CPU.ActiveCfg = Release|Any CPU
		{97392BF1-5B5D-420C-83ED-403CA3864CBF}.Release|Any CPU.Build.0 = Release|Any CPU
	EndGlobalSection
	GlobalSection(SolutionProperties) = preSolution
		HideSolutionNode = FALSE
	EndGlobalSection
	GlobalSection(ExtensibilityGlobals) = postSolution
		SolutionGuid = {23FBF2B6-9AC0-47F0-B6DF-D60B7AFCCF4B}
	EndGlobalSection
EndGlobal
